%{"amqp_client": {:git, "git://github.com/d0rc/amqp_client.git", "16b6c421139dba0a34d6c1e26f56c1dde5057a7f", []},
  "bbmustache": {:hex, :bbmustache, "1.0.1"},
  "cbserverapi": {:git, "https://github.com/redvers/cbserverapi.git", "99f65ceaf69ff7fcd96282427498bccda4dc0aa8", []},
  "conform": {:hex, :conform, "0.14.5"},
  "erlware_commons": {:hex, :erlware_commons, "0.13.0"},
  "exprotobuf": {:hex, :exprotobuf, "0.10.1"},
  "exrabbit": {:git, "https://github.com/redvers/exrabbit.git", "31b06304dc46f70a3f046fe112ec3907749fe845", []},
  "exrm": {:hex, :exrm, "0.18.5"},
  "getopt": {:hex, :getopt, "0.8.2"},
  "gpb": {:hex, :gpb, "3.18.7"},
  "jazz": {:git, "git://github.com/meh/jazz.git", "49f335492aca5516495199dd81dd18b845ebaa69", []},
  "providers": {:hex, :providers, "1.4.1"},
  "rabbit_common": {:git, "git://github.com/issuu/rabbit_common.git", "e3484d3ea4d9b57ae12da58c5c9dcf529a686139", [tag: "v3.3.0"]},
  "relx": {:hex, :relx, "3.1.0"},
  "sweetconfig": {:git, "git://github.com/d0rc/sweetconfig.git", "3db367262b10f0488cb826b0664eff2383ae99f9", []},
  "syslog": {:git, "https://github.com/smpallen99/syslog.git", "5653b00c51395ba24d1d2181f8e81fb856749869", []},
  "yamler": {:git, "git://github.com/goertzenator/yamler.git", "f878be95ef03e281ccabf9cc105122cf74c0bf24", [branch: "mapping_as_map"]}}
